
Microsoft Visual Studio Solution File, Format Version 12.00
# Visual Studio Version 17
VisualStudioVersion = 17.6.33829.357
MinimumVisualStudioVersion = 10.0.40219.1
Project("{9A19103F-16F7-4668-BE54-9A1E7A4F7556}") = "TasDashboard", "TasDashboard\TasDashboard.csproj", "{BBB44BDF-FB75-4CF4-8408-ECE88383B6B6}"
EndProject
Global
	GlobalSection(SolutionConfigurationPlatforms) = preSolution
		Debug|Any CPU = Debug|Any CPU
		Release|Any CPU = Release|Any CPU
	EndGlobalSection
	GlobalSection(ProjectConfigurationPlatforms) = postSolution
		{BBB44BDF-FB75-4CF4-8408-ECE88383B6B6}.Debug|Any CPU.ActiveCfg = Debug|Any CPU
		{BBB44BDF-FB75-4CF4-8408-ECE88383B6B6}.Debug|Any CPU.Build.0 = Debug|Any CPU
		{BBB44BDF-FB75-4CF4-8408-ECE88383B6B6}.Release|Any CPU.ActiveCfg = Release|Any CPU
		{BBB44BDF-FB75-4CF4-8408-ECE88383B6B6}.Release|Any CPU.Build.0 = Release|Any CPU
	EndGlobalSection
	GlobalSection(SolutionProperties) = preSolution
		HideSolutionNode = FALSE
	EndGlobalSection
	GlobalSection(ExtensibilityGlobals) = postSolution
		SolutionGuid = {3B5B8992-0C94-4738-9250-C57DB10C7D51}
	EndGlobalSection
EndGlobal
